
Microsoft Visual Studio Solution File, Format Version 12.00
# Visual Studio 14
VisualStudioVersion = 14.0.25420.1
MinimumVisualStudioVersion = 10.0.40219.1
Project("{FAE04EC0-301F-11D3-BF4B-00C04F79EFBC}") = "ReverseEngineering_Maze", "ReverseEngineering_Maze\ReverseEngineering_Maze.csproj", "{0A14295A-64F2-48C9-A6AF-A2A75334D8BA}"
EndProject
Project("{FAE04EC0-301F-11D3-BF4B-00C04F79EFBC}") = "Code_vs_Zombies", "Code_vs_Zombies\Code_vs_Zombies.csproj", "{818AAF97-F398-44D2-94A8-C9AF0E53E3DB}"
EndProject
Global
	GlobalSection(SolutionConfigurationPlatforms) = preSolution
		Debug|Any CPU = Debug|Any CPU
		Release|Any CPU = Release|Any CPU
	EndGlobalSection
	GlobalSection(ProjectConfigurationPlatforms) = postSolution
		{0A14295A-64F2-48C9-A6AF-A2A75334D8BA}.Debug|Any CPU.ActiveCfg = Debug|Any CPU
		{0A14295A-64F2-48C9-A6AF-A2A75334D8BA}.Debug|Any CPU.Build.0 = Debug|Any CPU
		{0A14295A-64F2-48C9-A6AF-A2A75334D8BA}.Release|Any CPU.ActiveCfg = Release|Any CPU
		{0A14295A-64F2-48C9-A6AF-A2A75334D8BA}.Release|Any CPU.Build.0 = Release|Any CPU
		{818AAF97-F398-44D2-94A8-C9AF0E53E3DB}.Debug|Any CPU.ActiveCfg = Debug|Any CPU
		{818AAF97-F398-44D2-94A8-C9AF0E53E3DB}.Debug|Any CPU.Build.0 = Debug|Any CPU
		{818AAF97-F398-44D2-94A8-C9AF0E53E3DB}.Release|Any CPU.ActiveCfg = Release|Any CPU
		{818AAF97-F398-44D2-94A8-C9AF0E53E3DB}.Release|Any CPU.Build.0 = Release|Any CPU
	EndGlobalSection
	GlobalSection(SolutionProperties) = preSolution
		HideSolutionNode = FALSE
	EndGlobalSection
EndGlobal
