
Microsoft Visual Studio Solution File, Format Version 12.00
# Visual Studio 15
VisualStudioVersion = 15.0.27004.2009
MinimumVisualStudioVersion = 10.0.40219.1
Project("{FAE04EC0-301F-11D3-BF4B-00C04F79EFBC}") = "ReverseEngineering_Maze", "ReverseEngineering_Maze\ReverseEngineering_Maze.csproj", "{0A14295A-64F2-48C9-A6AF-A2A75334D8BA}"
EndProject
Project("{FAE04EC0-301F-11D3-BF4B-00C04F79EFBC}") = "Code_vs_Zombies", "Code_vs_Zombies\Code_vs_Zombies.csproj", "{818AAF97-F398-44D2-94A8-C9AF0E53E3DB}"
EndProject
Project("{FAE04EC0-301F-11D3-BF4B-00C04F79EFBC}") = "TheGreatDispatch", "TheGreatDispatch\TheGreatDispatch.csproj", "{750C61A4-4D0D-421D-A8AF-C3FC6A1DEC6F}"
EndProject
Project("{8BC9CEB8-8B4A-11D0-8D11-00A0C91BC942}") = "TheGreatDispatchCpp", "TheGreatDispatchCpp\TheGreatDispatchCpp.vcxproj", "{5CD4644E-EAFF-4F9D-9052-39070218F55D}"
EndProject
Global
	GlobalSection(SolutionConfigurationPlatforms) = preSolution
		Debug|Any CPU = Debug|Any CPU
		Debug|x64 = Debug|x64
		Debug|x86 = Debug|x86
		Release|Any CPU = Release|Any CPU
		Release|x64 = Release|x64
		Release|x86 = Release|x86
	EndGlobalSection
	GlobalSection(ProjectConfigurationPlatforms) = postSolution
		{0A14295A-64F2-48C9-A6AF-A2A75334D8BA}.Debug|Any CPU.ActiveCfg = Debug|Any CPU
		{0A14295A-64F2-48C9-A6AF-A2A75334D8BA}.Debug|Any CPU.Build.0 = Debug|Any CPU
		{0A14295A-64F2-48C9-A6AF-A2A75334D8BA}.Debug|x64.ActiveCfg = Debug|Any CPU
		{0A14295A-64F2-48C9-A6AF-A2A75334D8BA}.Debug|x64.Build.0 = Debug|Any CPU
		{0A14295A-64F2-48C9-A6AF-A2A75334D8BA}.Debug|x86.ActiveCfg = Debug|Any CPU
		{0A14295A-64F2-48C9-A6AF-A2A75334D8BA}.Debug|x86.Build.0 = Debug|Any CPU
		{0A14295A-64F2-48C9-A6AF-A2A75334D8BA}.Release|Any CPU.ActiveCfg = Release|Any CPU
		{0A14295A-64F2-48C9-A6AF-A2A75334D8BA}.Release|Any CPU.Build.0 = Release|Any CPU
		{0A14295A-64F2-48C9-A6AF-A2A75334D8BA}.Release|x64.ActiveCfg = Release|Any CPU
		{0A14295A-64F2-48C9-A6AF-A2A75334D8BA}.Release|x64.Build.0 = Release|Any CPU
		{0A14295A-64F2-48C9-A6AF-A2A75334D8BA}.Release|x86.ActiveCfg = Release|Any CPU
		{0A14295A-64F2-48C9-A6AF-A2A75334D8BA}.Release|x86.Build.0 = Release|Any CPU
		{818AAF97-F398-44D2-94A8-C9AF0E53E3DB}.Debug|Any CPU.ActiveCfg = Debug|Any CPU
		{818AAF97-F398-44D2-94A8-C9AF0E53E3DB}.Debug|Any CPU.Build.0 = Debug|Any CPU
		{818AAF97-F398-44D2-94A8-C9AF0E53E3DB}.Debug|x64.ActiveCfg = Debug|Any CPU
		{818AAF97-F398-44D2-94A8-C9AF0E53E3DB}.Debug|x64.Build.0 = Debug|Any CPU
		{818AAF97-F398-44D2-94A8-C9AF0E53E3DB}.Debug|x86.ActiveCfg = Debug|Any CPU
		{818AAF97-F398-44D2-94A8-C9AF0E53E3DB}.Debug|x86.Build.0 = Debug|Any CPU
		{818AAF97-F398-44D2-94A8-C9AF0E53E3DB}.Release|Any CPU.ActiveCfg = Release|Any CPU
		{818AAF97-F398-44D2-94A8-C9AF0E53E3DB}.Release|Any CPU.Build.0 = Release|Any CPU
		{818AAF97-F398-44D2-94A8-C9AF0E53E3DB}.Release|x64.ActiveCfg = Release|Any CPU
		{818AAF97-F398-44D2-94A8-C9AF0E53E3DB}.Release|x64.Build.0 = Release|Any CPU
		{818AAF97-F398-44D2-94A8-C9AF0E53E3DB}.Release|x86.ActiveCfg = Release|Any CPU
		{818AAF97-F398-44D2-94A8-C9AF0E53E3DB}.Release|x86.Build.0 = Release|Any CPU
		{750C61A4-4D0D-421D-A8AF-C3FC6A1DEC6F}.Debug|Any CPU.ActiveCfg = Debug|Any CPU
		{750C61A4-4D0D-421D-A8AF-C3FC6A1DEC6F}.Debug|Any CPU.Build.0 = Debug|Any CPU
		{750C61A4-4D0D-421D-A8AF-C3FC6A1DEC6F}.Debug|x64.ActiveCfg = Debug|Any CPU
		{750C61A4-4D0D-421D-A8AF-C3FC6A1DEC6F}.Debug|x64.Build.0 = Debug|Any CPU
		{750C61A4-4D0D-421D-A8AF-C3FC6A1DEC6F}.Debug|x86.ActiveCfg = Debug|Any CPU
		{750C61A4-4D0D-421D-A8AF-C3FC6A1DEC6F}.Debug|x86.Build.0 = Debug|Any CPU
		{750C61A4-4D0D-421D-A8AF-C3FC6A1DEC6F}.Release|Any CPU.ActiveCfg = Release|Any CPU
		{750C61A4-4D0D-421D-A8AF-C3FC6A1DEC6F}.Release|Any CPU.Build.0 = Release|Any CPU
		{750C61A4-4D0D-421D-A8AF-C3FC6A1DEC6F}.Release|x64.ActiveCfg = Release|Any CPU
		{750C61A4-4D0D-421D-A8AF-C3FC6A1DEC6F}.Release|x64.Build.0 = Release|Any CPU
		{750C61A4-4D0D-421D-A8AF-C3FC6A1DEC6F}.Release|x86.ActiveCfg = Release|Any CPU
		{750C61A4-4D0D-421D-A8AF-C3FC6A1DEC6F}.Release|x86.Build.0 = Release|Any CPU
		{5CD4644E-EAFF-4F9D-9052-39070218F55D}.Debug|Any CPU.ActiveCfg = Debug|Win32
		{5CD4644E-EAFF-4F9D-9052-39070218F55D}.Debug|Any CPU.Build.0 = Debug|Win32
		{5CD4644E-EAFF-4F9D-9052-39070218F55D}.Debug|x64.ActiveCfg = Debug|x64
		{5CD4644E-EAFF-4F9D-9052-39070218F55D}.Debug|x64.Build.0 = Debug|x64
		{5CD4644E-EAFF-4F9D-9052-39070218F55D}.Debug|x86.ActiveCfg = Debug|Win32
		{5CD4644E-EAFF-4F9D-9052-39070218F55D}.Debug|x86.Build.0 = Debug|Win32
		{5CD4644E-EAFF-4F9D-9052-39070218F55D}.Release|Any CPU.ActiveCfg = Release|x64
		{5CD4644E-EAFF-4F9D-9052-39070218F55D}.Release|Any CPU.Build.0 = Release|x64
		{5CD4644E-EAFF-4F9D-9052-39070218F55D}.Release|x64.ActiveCfg = Release|x64
		{5CD4644E-EAFF-4F9D-9052-39070218F55D}.Release|x64.Build.0 = Release|x64
		{5CD4644E-EAFF-4F9D-9052-39070218F55D}.Release|x86.ActiveCfg = Release|Win32
		{5CD4644E-EAFF-4F9D-9052-39070218F55D}.Release|x86.Build.0 = Release|Win32
	EndGlobalSection
	GlobalSection(SolutionProperties) = preSolution
		HideSolutionNode = FALSE
	EndGlobalSection
	GlobalSection(ExtensibilityGlobals) = postSolution
		SolutionGuid = {8CAD9B92-19F5-44D3-B5F6-1F99C59F0CAD}
	EndGlobalSection
EndGlobal
